<?xml version="1.0" encoding="utf-8"?>
<Project ToolsVersion="4.0" xmlns="http://schemas.microsoft.com/developer/msbuild/2003">
  <ItemGroup>
    <Filter Include="Doug">
      <UniqueIdentifier>{F440847C-E077-850D-8964-6B10757A010F}</UniqueIdentifier>
    </Filter>
  </ItemGroup>
  <ItemGroup>
    <ClInclude Include="src\Doug.h" />
    <ClInclude Include="src\Doug\Application.h">
      <Filter>Doug</Filter>
    </ClInclude>
    <ClInclude Include="src\Doug\Core.h">
      <Filter>Doug</Filter>
    </ClInclude>
    <ClInclude Include="src\Doug\EntryPoint.h">
      <Filter>Doug</Filter>
    </ClInclude>
    <ClInclude Include="src\Doug\Log.h">
      <Filter>Doug</Filter>
    </ClInclude>
  </ItemGroup>
  <ItemGroup>
    <ClCompile Include="src\Doug\Application.cpp">
      <Filter>Doug</Filter>
    </ClCompile>
    <ClCompile Include="src\Doug\Log.cpp">
      <Filter>Doug</Filter>
    </ClCompile>
  </ItemGroup>
</Project>